# THIS IS AN AUTOGENERATED FILE. DO NOT EDIT THIS FILE DIRECTLY.
# yarn lockfile v1


dotenv-defaults@^2.0.1:
  version "2.0.1"
  resolved "https://registry.yarnpkg.com/dotenv-defaults/-/dotenv-defaults-2.0.1.tgz#ea6f9632b3b5cc55e48b736760def5561f1cb7c0"
  integrity sha512-ugFCyBF7ILuwpmznduHPQZBMucHHJ8T4OBManTEVjemxCm2+nqifSuW2lD2SNKdiKSH1E324kZSdJ8M04b4I/A==
  dependencies:
    dotenv "^8.2.0"

dotenv-webpack@^7.0.2:
  version "7.0.2"
  resolved "https://registry.yarnpkg.com/dotenv-webpack/-/dotenv-webpack-7.0.2.tgz#1bf2e407e92c10fbb08d815b12c991028f10f81c"
  integrity sha512-RY+/5uM/XY4bGtih9f9ic8hlrUDxVcZZBPWlnX/aHhaKxcVVX9SH/5VH7CSmvVo9GL6PKvQOA0X1bc552rnatQ==
  dependencies:
    dotenv-defaults "^2.0.1"

dotenv@^8.2.0:
  version "8.2.0"
  resolved "https://registry.yarnpkg.com/dotenv/-/dotenv-8.2.0.tgz#97e619259ada750eea3e4ea3e26bceea5424b16a"
  integrity sha512-8sJ78ElpbDJBHNeBzUbUVLsqKdccaa/BXF1uPTw3GrvQTBgrQrtObr2mUrE38vzYd8cEv+m/JBfDLioYcfXoaw==
